{
  "name": "rtsp2mjpeg",
  "version": "1.0.0",
  "lockfileVersion": 3,
  "requires": true,
  "packages": {
    "": {
      "name": "rtsp2mjpeg",
      "version": "1.0.0",
      "license": "GPL-3.0-or-later",
      "dependencies": {
        "rtsp2mjpeg": "^1.0.0"
      }
    },
    "node_modules/rtsp2mjpeg": {
      "version": "1.0.0",
      "resolved": "https://registry.npmjs.org/rtsp2mjpeg/-/rtsp2mjpeg-1.0.0.tgz",
      "integrity": "sha512-FSbIzumig6W3cDUz7USjsl4DudScFSdQRBEiU+yd2U2vRWoJbC1oY2nmHnoKyI5Ck0jzYnEeOVnLKPlKhVxSaw=="
    }
  }
}
